
Microsoft Visual Studio Solution File, Format Version 12.00
# Visual Studio Version 16
VisualStudioVersion = 16.0.32228.343
MinimumVisualStudioVersion = 10.0.40219.1
Project("{FAE04EC0-301F-11D3-BF4B-00C04F79EFBC}") = "AutoVuokraus", "AutoVuokraus.csproj", "{11973A8E-A194-4272-9C42-252A4FA75FA6}"
EndProject
Global
	GlobalSection(SolutionConfigurationPlatforms) = preSolution
		Debug|Any CPU = Debug|Any CPU
		Release|Any CPU = Release|Any CPU
	EndGlobalSection
	GlobalSection(ProjectConfigurationPlatforms) = postSolution
		{11973A8E-A194-4272-9C42-252A4FA75FA6}.Debug|Any CPU.ActiveCfg = Debug|Any CPU
		{11973A8E-A194-4272-9C42-252A4FA75FA6}.Debug|Any CPU.Build.0 = Debug|Any CPU
		{11973A8E-A194-4272-9C42-252A4FA75FA6}.Release|Any CPU.ActiveCfg = Release|Any CPU
		{11973A8E-A194-4272-9C42-252A4FA75FA6}.Release|Any CPU.Build.0 = Release|Any CPU
	EndGlobalSection
	GlobalSection(SolutionProperties) = preSolution
		HideSolutionNode = FALSE
	EndGlobalSection
	GlobalSection(ExtensibilityGlobals) = postSolution
		SolutionGuid = {2B8AC561-AF62-4246-9AFC-2EF0F53D9E0D}
	EndGlobalSection
EndGlobal
